
Microsoft Visual Studio Solution File, Format Version 12.00
# Visual Studio Version 16
VisualStudioVersion = 16.0.29728.190
MinimumVisualStudioVersion = 10.0.40219.1
Project("{FAE04EC0-301F-11D3-BF4B-00C04F79EFBC}") = "Presentationslager", "Presentationslager\Presentationslager.csproj", "{369829D3-59E9-4788-A864-4E0B9332BBA9}"
EndProject
Project("{FAE04EC0-301F-11D3-BF4B-00C04F79EFBC}") = "Business Layer", "Business Layer\Business Layer.csproj", "{92DB4089-0770-48C2-ADC5-4FF0E0095404}"
EndProject
Project("{FAE04EC0-301F-11D3-BF4B-00C04F79EFBC}") = "Data Layer", "Data Layer\Data Layer.csproj", "{44C0A574-7E55-46F1-A2AC-1066AC2865CE}"
EndProject
Global
	GlobalSection(SolutionConfigurationPlatforms) = preSolution
		Debug|Any CPU = Debug|Any CPU
		Release|Any CPU = Release|Any CPU
	EndGlobalSection
	GlobalSection(ProjectConfigurationPlatforms) = postSolution
		{369829D3-59E9-4788-A864-4E0B9332BBA9}.Debug|Any CPU.ActiveCfg = Debug|Any CPU
		{369829D3-59E9-4788-A864-4E0B9332BBA9}.Debug|Any CPU.Build.0 = Debug|Any CPU
		{369829D3-59E9-4788-A864-4E0B9332BBA9}.Release|Any CPU.ActiveCfg = Release|Any CPU
		{369829D3-59E9-4788-A864-4E0B9332BBA9}.Release|Any CPU.Build.0 = Release|Any CPU
		{92DB4089-0770-48C2-ADC5-4FF0E0095404}.Debug|Any CPU.ActiveCfg = Debug|Any CPU
		{92DB4089-0770-48C2-ADC5-4FF0E0095404}.Debug|Any CPU.Build.0 = Debug|Any CPU
		{92DB4089-0770-48C2-ADC5-4FF0E0095404}.Release|Any CPU.ActiveCfg = Release|Any CPU
		{92DB4089-0770-48C2-ADC5-4FF0E0095404}.Release|Any CPU.Build.0 = Release|Any CPU
		{44C0A574-7E55-46F1-A2AC-1066AC2865CE}.Debug|Any CPU.ActiveCfg = Debug|Any CPU
		{44C0A574-7E55-46F1-A2AC-1066AC2865CE}.Debug|Any CPU.Build.0 = Debug|Any CPU
		{44C0A574-7E55-46F1-A2AC-1066AC2865CE}.Release|Any CPU.ActiveCfg = Release|Any CPU
		{44C0A574-7E55-46F1-A2AC-1066AC2865CE}.Release|Any CPU.Build.0 = Release|Any CPU
	EndGlobalSection
	GlobalSection(SolutionProperties) = preSolution
		HideSolutionNode = FALSE
	EndGlobalSection
	GlobalSection(ExtensibilityGlobals) = postSolution
		SolutionGuid = {115EEC43-9AF4-424D-8D45-E3D39D53BFE1}
	EndGlobalSection
EndGlobal
